
Microsoft Visual Studio Solution File, Format Version 12.00
# Visual Studio Version 17
VisualStudioVersion = 17.3.32929.385
MinimumVisualStudioVersion = 10.0.40219.1
Project("{FAE04EC0-301F-11D3-BF4B-00C04F79EFBC}") = "Task", "Task.csproj", "{7E3903B0-179C-49C6-B363-E4BC904D7DAB}"
EndProject
Global
	GlobalSection(SolutionConfigurationPlatforms) = preSolution
		Debug|Any CPU = Debug|Any CPU
		Release|Any CPU = Release|Any CPU
	EndGlobalSection
	GlobalSection(ProjectConfigurationPlatforms) = postSolution
		{7E3903B0-179C-49C6-B363-E4BC904D7DAB}.Debug|Any CPU.ActiveCfg = Debug|Any CPU
		{7E3903B0-179C-49C6-B363-E4BC904D7DAB}.Debug|Any CPU.Build.0 = Debug|Any CPU
		{7E3903B0-179C-49C6-B363-E4BC904D7DAB}.Release|Any CPU.ActiveCfg = Release|Any CPU
		{7E3903B0-179C-49C6-B363-E4BC904D7DAB}.Release|Any CPU.Build.0 = Release|Any CPU
	EndGlobalSection
	GlobalSection(SolutionProperties) = preSolution
		HideSolutionNode = FALSE
	EndGlobalSection
	GlobalSection(ExtensibilityGlobals) = postSolution
		SolutionGuid = {C2DD1A27-8426-4862-911E-6EC8F9B547BD}
	EndGlobalSection
EndGlobal
